
Microsoft Visual Studio Solution File, Format Version 12.00
# Visual Studio Version 17
VisualStudioVersion = 17.8.34408.163
MinimumVisualStudioVersion = 10.0.40219.1
Project("{9A19103F-16F7-4668-BE54-9A1E7A4F7556}") = "EdgeItalianPizza.Domain", "EdgeItalianPizza.Domain\EdgeItalianPizza.Domain.csproj", "{3650F5AA-3179-41BD-A0AA-1FBD2386BFC3}"
EndProject
Project("{9A19103F-16F7-4668-BE54-9A1E7A4F7556}") = "EdgeItalianPizza.Application", "EdgeItalianPizza.Application\EdgeItalianPizza.Application.csproj", "{E145EF0F-BE27-4B19-BAB7-9B8FAF9854F4}"
EndProject
Project("{9A19103F-16F7-4668-BE54-9A1E7A4F7556}") = "EdgeItalianPizza.CLI", "EdgeItalianPizza.CLI\EdgeItalianPizza.CLI.csproj", "{5D91A83F-B10E-4B15-A945-E57EB87200E9}"
EndProject
Project("{9A19103F-16F7-4668-BE54-9A1E7A4F7556}") = "EdgeItalianPizza.Infrastructrure.SqlServer", "EdgeItalianPizza.Infrastructrure.SqlServer\EdgeItalianPizza.Infrastructrure.SqlServer.csproj", "{D8E9053C-C9C5-4971-97E1-2E6C1019E619}"
EndProject
Project("{FAE04EC0-301F-11D3-BF4B-00C04F79EFBC}") = "EdgeItalianPizza.WinForms.Client", "EdgeItalianPizza.WinForms.Client\EdgeItalianPizza.WinForms.Client.csproj", "{D5349C48-A432-4EB5-997A-129642BEA5EB}"
EndProject
Project("{FAE04EC0-301F-11D3-BF4B-00C04F79EFBC}") = "EdgeItalianPizza.WinForms.Courier", "EdgeItalianPizza.WinForms.Courier\EdgeItalianPizza.WinForms.Courier.csproj", "{72E3857E-C194-46F7-BC3E-9DCA05DDEA5E}"
EndProject
Project("{FAE04EC0-301F-11D3-BF4B-00C04F79EFBC}") = "EdgeItalianPizza.WinForms.Restaraunt", "EdgeItalianPizza.WinForms.Restaraunt\EdgeItalianPizza.WinForms.Restaraunt.csproj", "{11E7C36D-2C43-481C-845C-A77D410242CC}"
EndProject
Global
	GlobalSection(SolutionConfigurationPlatforms) = preSolution
		Debug|Any CPU = Debug|Any CPU
		Release|Any CPU = Release|Any CPU
	EndGlobalSection
	GlobalSection(ProjectConfigurationPlatforms) = postSolution
		{3650F5AA-3179-41BD-A0AA-1FBD2386BFC3}.Debug|Any CPU.ActiveCfg = Debug|Any CPU
		{3650F5AA-3179-41BD-A0AA-1FBD2386BFC3}.Debug|Any CPU.Build.0 = Debug|Any CPU
		{3650F5AA-3179-41BD-A0AA-1FBD2386BFC3}.Release|Any CPU.ActiveCfg = Release|Any CPU
		{3650F5AA-3179-41BD-A0AA-1FBD2386BFC3}.Release|Any CPU.Build.0 = Release|Any CPU
		{E145EF0F-BE27-4B19-BAB7-9B8FAF9854F4}.Debug|Any CPU.ActiveCfg = Debug|Any CPU
		{E145EF0F-BE27-4B19-BAB7-9B8FAF9854F4}.Debug|Any CPU.Build.0 = Debug|Any CPU
		{E145EF0F-BE27-4B19-BAB7-9B8FAF9854F4}.Release|Any CPU.ActiveCfg = Release|Any CPU
		{E145EF0F-BE27-4B19-BAB7-9B8FAF9854F4}.Release|Any CPU.Build.0 = Release|Any CPU
		{5D91A83F-B10E-4B15-A945-E57EB87200E9}.Debug|Any CPU.ActiveCfg = Debug|Any CPU
		{5D91A83F-B10E-4B15-A945-E57EB87200E9}.Debug|Any CPU.Build.0 = Debug|Any CPU
		{5D91A83F-B10E-4B15-A945-E57EB87200E9}.Release|Any CPU.ActiveCfg = Release|Any CPU
		{5D91A83F-B10E-4B15-A945-E57EB87200E9}.Release|Any CPU.Build.0 = Release|Any CPU
		{D8E9053C-C9C5-4971-97E1-2E6C1019E619}.Debug|Any CPU.ActiveCfg = Debug|Any CPU
		{D8E9053C-C9C5-4971-97E1-2E6C1019E619}.Debug|Any CPU.Build.0 = Debug|Any CPU
		{D8E9053C-C9C5-4971-97E1-2E6C1019E619}.Release|Any CPU.ActiveCfg = Release|Any CPU
		{D8E9053C-C9C5-4971-97E1-2E6C1019E619}.Release|Any CPU.Build.0 = Release|Any CPU
		{D5349C48-A432-4EB5-997A-129642BEA5EB}.Debug|Any CPU.ActiveCfg = Debug|Any CPU
		{D5349C48-A432-4EB5-997A-129642BEA5EB}.Debug|Any CPU.Build.0 = Debug|Any CPU
		{D5349C48-A432-4EB5-997A-129642BEA5EB}.Release|Any CPU.ActiveCfg = Release|Any CPU
		{D5349C48-A432-4EB5-997A-129642BEA5EB}.Release|Any CPU.Build.0 = Release|Any CPU
		{72E3857E-C194-46F7-BC3E-9DCA05DDEA5E}.Debug|Any CPU.ActiveCfg = Debug|Any CPU
		{72E3857E-C194-46F7-BC3E-9DCA05DDEA5E}.Debug|Any CPU.Build.0 = Debug|Any CPU
		{72E3857E-C194-46F7-BC3E-9DCA05DDEA5E}.Release|Any CPU.ActiveCfg = Release|Any CPU
		{72E3857E-C194-46F7-BC3E-9DCA05DDEA5E}.Release|Any CPU.Build.0 = Release|Any CPU
		{11E7C36D-2C43-481C-845C-A77D410242CC}.Debug|Any CPU.ActiveCfg = Debug|Any CPU
		{11E7C36D-2C43-481C-845C-A77D410242CC}.Debug|Any CPU.Build.0 = Debug|Any CPU
		{11E7C36D-2C43-481C-845C-A77D410242CC}.Release|Any CPU.ActiveCfg = Release|Any CPU
		{11E7C36D-2C43-481C-845C-A77D410242CC}.Release|Any CPU.Build.0 = Release|Any CPU
	EndGlobalSection
	GlobalSection(SolutionProperties) = preSolution
		HideSolutionNode = FALSE
	EndGlobalSection
	GlobalSection(ExtensibilityGlobals) = postSolution
		SolutionGuid = {599D88E2-5488-431A-99CD-3434CD858F1B}
	EndGlobalSection
EndGlobal
